
Microsoft Visual Studio Solution File, Format Version 12.00
# Visual Studio Version 17
VisualStudioVersion = 17.0.32112.339
MinimumVisualStudioVersion = 10.0.40219.1
Project("{FAE04EC0-301F-11D3-BF4B-00C04F79EFBC}") = "LineCode", "LineCode\LineCode.csproj", "{2AF7500F-6B54-491E-8C87-1AA9C8718191}"
EndProject
Global
	GlobalSection(SolutionConfigurationPlatforms) = preSolution
		Debug|Any CPU = Debug|Any CPU
		Release|Any CPU = Release|Any CPU
	EndGlobalSection
	GlobalSection(ProjectConfigurationPlatforms) = postSolution
		{2AF7500F-6B54-491E-8C87-1AA9C8718191}.Debug|Any CPU.ActiveCfg = Debug|Any CPU
		{2AF7500F-6B54-491E-8C87-1AA9C8718191}.Debug|Any CPU.Build.0 = Debug|Any CPU
		{2AF7500F-6B54-491E-8C87-1AA9C8718191}.Release|Any CPU.ActiveCfg = Release|Any CPU
		{2AF7500F-6B54-491E-8C87-1AA9C8718191}.Release|Any CPU.Build.0 = Release|Any CPU
	EndGlobalSection
	GlobalSection(SolutionProperties) = preSolution
		HideSolutionNode = FALSE
	EndGlobalSection
	GlobalSection(ExtensibilityGlobals) = postSolution
		SolutionGuid = {0D70A238-81C8-46F5-BCA6-597048A4EAC6}
	EndGlobalSection
EndGlobal
